// !$*UTF8*$!
{
	archiveVersion = 1;
	classes = {
	};
	objectVersion = 50;
	objects = {

/* Begin PBXBuildFile section */
		8481BDBA24B80CA200DEBC41 /* AppDelegate.swift in Sources */ = {isa = PBXBuildFile; fileRef = 8481BDB924B80CA200DEBC41 /* AppDelegate.swift */; };
		8481BDBC24B80CA200DEBC41 /* SceneDelegate.swift in Sources */ = {isa = PBXBuildFile; fileRef = 8481BDBB24B80CA200DEBC41 /* SceneDelegate.swift */; };
		8481BDBE24B80CA200DEBC41 /* ViewController.swift in Sources */ = {isa = PBXBuildFile; fileRef = 8481BDBD24B80CA200DEBC41 /* ViewController.swift */; };
		8481BDC124B80CA200DEBC41 /* Main.storyboard in Resources */ = {isa = PBXBuildFile; fileRef = 8481BDBF24B80CA200DEBC41 /* Main.storyboard */; };
		8481BDC324B80CA300DEBC41 /* Assets.xcassets in Resources */ = {isa = PBXBuildFile; fileRef = 8481BDC224B80CA300DEBC41 /* Assets.xcassets */; };
		8481BDC624B80CA300DEBC41 /* LaunchScreen.storyboard in Resources */ = {isa = PBXBuildFile; fileRef = 8481BDC424B80CA300DEBC41 /* LaunchScreen.storyboard */; };
		8481BDD124B80CA300DEBC41 /* _Tests.swift in Sources */ = {isa = PBXBuildFile; fileRef = 8481BDD024B80CA300DEBC41 /* _Tests.swift */; };
		8481BDDC24B80CA300DEBC41 /* _UITests.swift in Sources */ = {isa = PBXBuildFile; fileRef = 8481BDDB24B80CA300DEBC41 /* _UITests.swift */; };
/* End PBXBuildFile section */

/* Begin PBXContainerItemProxy section */
		8481BDCD24B80CA300DEBC41 /* PBXContainerItemProxy */ = {
			isa = PBXContainerItemProxy;
			containerPortal = 8481BDAE24B80CA200DEBC41 /* Project object */;
			proxyType = 1;
			remoteGlobalIDString = 8481BDB524B80CA200DEBC41;
			remoteInfo = 1;
		};
		8481BDD824B80CA300DEBC41 /* PBXContainerItemProxy */ = {
			isa = PBXContainerItemProxy;
			containerPortal = 8481BDAE24B80CA200DEBC41 /* Project object */;
			proxyType = 1;
			remoteGlobalIDString = 8481BDB524B80CA200DEBC41;
			remoteInfo = 1;
		};
/* End PBXContainerItemProxy section */

/* Begin PBXFileReference section */
		8481BDB624B80CA200DEBC41 /* 1.app */ = {isa = PBXFileReference; explicitFileType = wrapper.application; includeInIndex = 0; path = 1.app; sourceTree = BUILT_PRODUCTS_DIR; };
		8481BDB924B80CA200DEBC41 /* AppDelegate.swift */ = {isa = PBXFileReference; lastKnownFileType = sourcecode.swift; path = AppDelegate.swift; sourceTree = "<group>"; };
		8481BDBB24B80CA200DEBC41 /* SceneDelegate.swift */ = {isa = PBXFileReference; lastKnownFileType = sourcecode.swift; path = SceneDelegate.swift; sourceTree = "<group>"; };
		8481BDBD24B80CA200DEBC41 /* ViewController.swift */ = {isa = PBXFileReference; lastKnownFileType = sourcecode.swift; path = ViewController.swift; sourceTree = "<group>"; };
		8481BDC024B80CA200DEBC41 /* Base */ = {isa = PBXFileReference; lastKnownFileType = file.storyboard; name = Base; path = Base.lproj/Main.storyboard; sourceTree = "<group>"; };
		8481BDC224B80CA300DEBC41 /* Assets.xcassets */ = {isa = PBXFileReference; lastKnownFileType = folder.assetcatalog; path = Assets.xcassets; sourceTree = "<group>"; };
		8481BDC524B80CA300DEBC41 /* Base */ = {isa = PBXFileReference; lastKnownFileType = file.storyboard; name = Base; path = Base.lproj/LaunchScreen.storyboard; sourceTree = "<group>"; };
		8481BDC724B80CA300DEBC41 /* Info.plist */ = {isa = PBXFileReference; lastKnownFileType = text.plist.xml; path = Info.plist; sourceTree = "<group>"; };
		8481BDCC24B80CA300DEBC41 /* 1Tests.xctest */ = {isa = PBXFileReference; explicitFileType = wrapper.cfbundle; includeInIndex = 0; path = 1Tests.xctest; sourceTree = BUILT_PRODUCTS_DIR; };
		8481BDD024B80CA300DEBC41 /* _Tests.swift */ = {isa = PBXFileReference; lastKnownFileType = sourcecode.swift; path = _Tests.swift; sourceTree = "<group>"; };
		8481BDD224B80CA300DEBC41 /* Info.plist */ = {isa = PBXFileReference; lastKnownFileType = text.plist.xml; path = Info.plist; sourceTree = "<group>"; };
		8481BDD724B80CA300DEBC41 /* 1UITests.xctest */ = {isa = PBXFileReference; explicitFileType = wrapper.cfbundle; includeInIndex = 0; path = 1UITests.xctest; sourceTree = BUILT_PRODUCTS_DIR; };
		8481BDDB24B80CA300DEBC41 /* _UITests.swift */ = {isa = PBXFileReference; lastKnownFileType = sourcecode.swift; path = _UITests.swift; sourceTree = "<group>"; };
		8481BDDD24B80CA300DEBC41 /* Info.plist */ = {isa = PBXFileReference; lastKnownFileType = text.plist.xml; path = Info.plist; sourceTree = "<group>"; };
/* End PBXFileReference section */

/* Begin PBXFrameworksBuildPhase section */
		8481BDB324B80CA200DEBC41 /* Frameworks */ = {
			isa = PBXFrameworksBuildPhase;
			buildActionMask = 2147483647;
			files = (
			);
			runOnlyForDeploymentPostprocessing = 0;
		};
		8481BDC924B80CA300DEBC41 /* Frameworks */ = {
			isa = PBXFrameworksBuildPhase;
			buildActionMask = 2147483647;
			files = (
			);
			runOnlyForDeploymentPostprocessing = 0;
		};
		8481BDD424B80CA300DEBC41 /* Frameworks */ = {
			isa = PBXFrameworksBuildPhase;
			buildActionMask = 2147483647;
			files = (
			);
			runOnlyForDeploymentPostprocessing = 0;
		};
/* End PBXFrameworksBuildPhase section */

/* Begin PBXGroup section */
		8481BDAD24B80CA200DEBC41 = {
			isa = PBXGroup;
			children = (
				8481BDB824B80CA200DEBC41 /* 1 */,
				8481BDCF24B80CA300DEBC41 /* 1Tests */,
				8481BDDA24B80CA300DEBC41 /* 1UITests */,
				8481BDB724B80CA200DEBC41 /* Products */,
			);
			sourceTree = "<group>";
		};
		8481BDB724B80CA200DEBC41 /* Products */ = {
			isa = PBXGroup;
			children = (
				8481BDB624B80CA200DEBC41 /* 1.app */,
				8481BDCC24B80CA300DEBC41 /* 1Tests.xctest */,
				8481BDD724B80CA300DEBC41 /* 1UITests.xctest */,
			);
			name = Products;
			sourceTree = "<group>";
		};
		8481BDB824B80CA200DEBC41 /* 1 */ = {
			isa = PBXGroup;
			children = (
				8481BDB924B80CA200DEBC41 /* AppDelegate.swift */,
				8481BDBB24B80CA200DEBC41 /* SceneDelegate.swift */,
				8481BDBD24B80CA200DEBC41 /* ViewController.swift */,
				8481BDBF24B80CA200DEBC41 /* Main.storyboard */,
				8481BDC224B80CA300DEBC41 /* Assets.xcassets */,
				8481BDC424B80CA300DEBC41 /* LaunchScreen.storyboard */,
				8481BDC724B80CA300DEBC41 /* Info.plist */,
			);
			path = 1;
			sourceTree = "<group>";
		};
		8481BDCF24B80CA300DEBC41 /* 1Tests */ = {
			isa = PBXGroup;
			children = (
				8481BDD024B80CA300DEBC41 /* _Tests.swift */,
				8481BDD224B80CA300DEBC41 /* Info.plist */,
			);
			path = 1Tests;
			sourceTree = "<group>";
		};
		8481BDDA24B80CA300DEBC41 /* 1UITests */ = {
			isa = PBXGroup;
			children = (
				8481BDDB24B80CA300DEBC41 /* _UITests.swift */,
				8481BDDD24B80CA300DEBC41 /* Info.plist */,
			);
			path = 1UITests;
			sourceTree = "<group>";
		};
/* End PBXGroup section */

/* Begin PBXNativeTarget section */
		8481BDB524B80CA200DEBC41 /* 1 */ = {
			isa = PBXNativeTarget;
			buildConfigurationList = 8481BDE024B80CA300DEBC41 /* Build configuration list for PBXNativeTarget "1" */;
			buildPhases = (
				8481BDB224B80CA200DEBC41 /* Sources */,
				8481BDB324B80CA200DEBC41 /* Frameworks */,
				8481BDB424B80CA200DEBC41 /* Resources */,
			);
			buildRules = (
			);
			dependencies = (
			);
			name = 1;
			productName = 1;
			productReference = 8481BDB624B80CA200DEBC41 /* 1.app */;
			productType = "com.apple.product-type.application";
		};
		8481BDCB24B80CA300DEBC41 /* 1Tests */ = {
			isa = PBXNativeTarget;
			buildConfigurationList = 8481BDE324B80CA300DEBC41 /* Build configuration list for PBXNativeTarget "1Tests" */;
			buildPhases = (
				8481BDC824B80CA300DEBC41 /* Sources */,
				8481BDC924B80CA300DEBC41 /* Frameworks */,
				8481BDCA24B80CA300DEBC41 /* Resources */,
			);
			buildRules = (
			);
			dependencies = (
				8481BDCE24B80CA300DEBC41 /* PBXTargetDependency */,
			);
			name = 1Tests;
			productName = 1Tests;
			productReference = 8481BDCC24B80CA300DEBC41 /* 1Tests.xctest */;
			productType = "com.apple.product-type.bundle.unit-test";
		};
		8481BDD624B80CA300DEBC41 /* 1UITests */ = {
			isa = PBXNativeTarget;
			buildConfigurationList = 8481BDE624B80CA300DEBC41 /* Build configuration list for PBXNativeTarget "1UITests" */;
			buildPhases = (
				8481BDD324B80CA300DEBC41 /* Sources */,
				8481BDD424B80CA300DEBC41 /* Frameworks */,
				8481BDD524B80CA300DEBC41 /* Resources */,
			);
			buildRules = (
			);
			dependencies = (
				8481BDD924B80CA300DEBC41 /* PBXTargetDependency */,
			);
			name = 1UITests;
			productName = 1UITests;
			productReference = 8481BDD724B80CA300DEBC41 /* 1UITests.xctest */;
			productType = "com.apple.product-type.bundle.ui-testing";
		};
/* End PBXNativeTarget section */

/* Begin PBXProject section */
		8481BDAE24B80CA200DEBC41 /* Project object */ = {
			isa = PBXProject;
			attributes = {
				LastSwiftUpdateCheck = 1130;
				LastUpgradeCheck = 1130;
				ORGANIZATIONNAME = "Shanice Brown";
				TargetAttributes = {
					8481BDB524B80CA200DEBC41 = {
						CreatedOnToolsVersion = 11.3.1;
					};
					8481BDCB24B80CA300DEBC41 = {
						CreatedOnToolsVersion = 11.3.1;
						TestTargetID = 8481BDB524B80CA200DEBC41;
					};
					8481BDD624B80CA300DEBC41 = {
						CreatedOnToolsVersion = 11.3.1;
						TestTargetID = 8481BDB524B80CA200DEBC41;
					};
				};
			};
			buildConfigurationList = 8481BDB124B80CA200DEBC41 /* Build configuration list for PBXProject "1" */;
			compatibilityVersion = "Xcode 9.3";
			developmentRegion = en;
			hasScannedForEncodings = 0;
			knownRegions = (
				en,
				Base,
			);
			mainGroup = 8481BDAD24B80CA200DEBC41;
			productRefGroup = 8481BDB724B80CA200DEBC41 /* Products */;
			projectDirPath = "";
			projectRoot = "";
			targets = (
				8481BDB524B80CA200DEBC41 /* 1 */,
				8481BDCB24B80CA300DEBC41 /* 1Tests */,
				8481BDD624B80CA300DEBC41 /* 1UITests */,
			);
		};
/* End PBXProject section */

/* Begin PBXResourcesBuildPhase section */
		8481BDB424B80CA200DEBC41 /* Resources */ = {
			isa = PBXResourcesBuildPhase;
			buildActionMask = 2147483647;
			files = (
				8481BDC624B80CA300DEBC41 /* LaunchScreen.storyboard in Resources */,
				8481BDC324B80CA300DEBC41 /* Assets.xcassets in Resources */,
				8481BDC124B80CA200DEBC41 /* Main.storyboard in Resources */,
			);
			runOnlyForDeploymentPostprocessing = 0;
		};
		8481BDCA24B80CA300DEBC41 /* Resources */ = {
			isa = PBXResourcesBuildPhase;
			buildActionMask = 2147483647;
			files = (
			);
			runOnlyForDeploymentPostprocessing = 0;
		};
		8481BDD524B80CA300DEBC41 /* Resources */ = {
			isa = PBXResourcesBuildPhase;
			buildActionMask = 2147483647;
			files = (
			);
			runOnlyForDeploymentPostprocessing = 0;
		};
/* End PBXResourcesBuildPhase section */

/* Begin PBXSourcesBuildPhase section */
		8481BDB224B80CA200DEBC41 /* Sources */ = {
			isa = PBXSourcesBuildPhase;
			buildActionMask = 2147483647;
			files = (
				8481BDBE24B80CA200DEBC41 /* ViewController.swift in Sources */,
				8481BDBA24B80CA200DEBC41 /* AppDelegate.swift in Sources */,
				8481BDBC24B80CA200DEBC41 /* SceneDelegate.swift in Sources */,
			);
			runOnlyForDeploymentPostprocessing = 0;
		};
		8481BDC824B80CA300DEBC41 /* Sources */ = {
			isa = PBXSourcesBuildPhase;
			buildActionMask = 2147483647;
			files = (
				8481BDD124B80CA300DEBC41 /* _Tests.swift in Sources */,
			);
			runOnlyForDeploymentPostprocessing = 0;
		};
		8481BDD324B80CA300DEBC41 /* Sources */ = {
			isa = PBXSourcesBuildPhase;
			buildActionMask = 2147483647;
			files = (
				8481BDDC24B80CA300DEBC41 /* _UITests.swift in Sources */,
			);
			runOnlyForDeploymentPostprocessing = 0;
		};
/* End PBXSourcesBuildPhase section */

/* Begin PBXTargetDependency section */
		8481BDCE24B80CA300DEBC41 /* PBXTargetDependency */ = {
			isa = PBXTargetDependency;
			target = 8481BDB524B80CA200DEBC41 /* 1 */;
			targetProxy = 8481BDCD24B80CA300DEBC41 /* PBXContainerItemProxy */;
		};
		8481BDD924B80CA300DEBC41 /* PBXTargetDependency */ = {
			isa = PBXTargetDependency;
			target = 8481BDB524B80CA200DEBC41 /* 1 */;
			targetProxy = 8481BDD824B80CA300DEBC41 /* PBXContainerItemProxy */;
		};
/* End PBXTargetDependency section */

/* Begin PBXVariantGroup section */
		8481BDBF24B80CA200DEBC41 /* Main.storyboard */ = {
			isa = PBXVariantGroup;
			children = (
				8481BDC024B80CA200DEBC41 /* Base */,
			);
			name = Main.storyboard;
			sourceTree = "<group>";
		};
		8481BDC424B80CA300DEBC41 /* LaunchScreen.storyboard */ = {
			isa = PBXVariantGroup;
			children = (
				8481BDC524B80CA300DEBC41 /* Base */,
			);
			name = LaunchScreen.storyboard;
			sourceTree = "<group>";
		};
/* End PBXVariantGroup section */

/* Begin XCBuildConfiguration section */
		8481BDDE24B80CA300DEBC41 /* Debug */ = {
			isa = XCBuildConfiguration;
			buildSettings = {
				ALWAYS_SEARCH_USER_PATHS = NO;
				CLANG_ANALYZER_NONNULL = YES;
				CLANG_ANALYZER_NUMBER_OBJECT_CONVERSION = YES_AGGRESSIVE;
				CLANG_CXX_LANGUAGE_STANDARD = "gnu++14";
				CLANG_CXX_LIBRARY = "libc++";
				CLANG_ENABLE_MODULES = YES;
				CLANG_ENABLE_OBJC_ARC = YES;
				CLANG_ENABLE_OBJC_WEAK = YES;
				CLANG_WARN_BLOCK_CAPTURE_AUTORELEASING = YES;
				CLANG_WARN_BOOL_CONVERSION = YES;
				CLANG_WARN_COMMA = YES;
				CLANG_WARN_CONSTANT_CONVERSION = YES;
				CLANG_WARN_DEPRECATED_OBJC_IMPLEMENTATIONS = YES;
				CLANG_WARN_DIRECT_OBJC_ISA_USAGE = YES_ERROR;
				CLANG_WARN_DOCUMENTATION_COMMENTS = YES;
				CLANG_WARN_EMPTY_BODY = YES;
				CLANG_WARN_ENUM_CONVERSION = YES;
				CLANG_WARN_INFINITE_RECURSION = YES;
				CLANG_WARN_INT_CONVERSION = YES;
				CLANG_WARN_NON_LITERAL_NULL_CONVERSION = YES;
				CLANG_WARN_OBJC_IMPLICIT_RETAIN_SELF = YES;
				CLANG_WARN_OBJC_LITERAL_CONVERSION = YES;
				CLANG_WARN_OBJC_ROOT_CLASS = YES_ERROR;
				CLANG_WARN_RANGE_LOOP_ANALYSIS = YES;
				CLANG_WARN_STRICT_PROTOTYPES = YES;
				CLANG_WARN_SUSPICIOUS_MOVE = YES;
				CLANG_WARN_UNGUARDED_AVAILABILITY = YES_AGGRESSIVE;
				CLANG_WARN_UNREACHABLE_CODE = YES;
				CLANG_WARN__DUPLICATE_METHOD_MATCH = YES;
				COPY_PHASE_STRIP = NO;
				DEBUG_INFORMATION_FORMAT = dwarf;
				ENABLE_STRICT_OBJC_MSGSEND = YES;
				ENABLE_TESTABILITY = YES;
				GCC_C_LANGUAGE_STANDARD = gnu11;
				GCC_DYNAMIC_NO_PIC = NO;
				GCC_NO_COMMON_BLOCKS = YES;
				GCC_OPTIMIZATION_LEVEL = 0;
				GCC_PREPROCESSOR_DEFINITIONS = (
					"DEBUG=1",
					"$(inherited)",
				);
				GCC_WARN_64_TO_32_BIT_CONVERSION = YES;
				GCC_WARN_ABOUT_RETURN_TYPE = YES_ERROR;
				GCC_WARN_UNDECLARED_SELECTOR = YES;
				GCC_WARN_UNINITIALIZED_AUTOS = YES_AGGRESSIVE;
				GCC_WARN_UNUSED_FUNCTION = YES;
				GCC_WARN_UNUSED_VARIABLE = YES;
				IPHONEOS_DEPLOYMENT_TARGET = 13.2;
				MTL_ENABLE_DEBUG_INFO = INCLUDE_SOURCE;
				MTL_FAST_MATH = YES;
				ONLY_ACTIVE_ARCH = YES;
				SDKROOT = iphoneos;
				SWIFT_ACTIVE_COMPILATION_CONDITIONS = DEBUG;
				SWIFT_OPTIMIZATION_LEVEL = "-Onone";
			};
			name = Debug;
		};
		8481BDDF24B80CA300DEBC41 /* Release */ = {
			isa = XCBuildConfiguration;
			buildSettings = {
				ALWAYS_SEARCH_USER_PATHS = NO;
				CLANG_ANALYZER_NONNULL = YES;
				CLANG_ANALYZER_NUMBER_OBJECT_CONVERSION = YES_AGGRESSIVE;
				CLANG_CXX_LANGUAGE_STANDARD = "gnu++14";
				CLANG_CXX_LIBRARY = "libc++";
				CLANG_ENABLE_MODULES = YES;
				CLANG_ENABLE_OBJC_ARC = YES;
				CLANG_ENABLE_OBJC_WEAK = YES;
				CLANG_WARN_BLOCK_CAPTURE_AUTORELEASING = YES;
				CLANG_WARN_BOOL_CONVERSION = YES;
				CLANG_WARN_COMMA = YES;
				CLANG_WARN_CONSTANT_CONVERSION = YES;
				CLANG_WARN_DEPRECATED_OBJC_IMPLEMENTATIONS = YES;
				CLANG_WARN_DIRECT_OBJC_ISA_USAGE = YES_ERROR;
				CLANG_WARN_DOCUMENTATION_COMMENTS = YES;
				CLANG_WARN_EMPTY_BODY = YES;
				CLANG_WARN_ENUM_CONVERSION = YES;
				CLANG_WARN_INFINITE_RECURSION = YES;
				CLANG_WARN_INT_CONVERSION = YES;
				CLANG_WARN_NON_LITERAL_NULL_CONVERSION = YES;
				CLANG_WARN_OBJC_IMPLICIT_RETAIN_SELF = YES;
				CLANG_WARN_OBJC_LITERAL_CONVERSION = YES;
				CLANG_WARN_OBJC_ROOT_CLASS = YES_ERROR;
				CLANG_WARN_RANGE_LOOP_ANALYSIS = YES;
				CLANG_WARN_STRICT_PROTOTYPES = YES;
				CLANG_WARN_SUSPICIOUS_MOVE = YES;
				CLANG_WARN_UNGUARDED_AVAILABILITY = YES_AGGRESSIVE;
				CLANG_WARN_UNREACHABLE_CODE = YES;
				CLANG_WARN__DUPLICATE_METHOD_MATCH = YES;
				COPY_PHASE_STRIP = NO;
				DEBUG_INFORMATION_FORMAT = "dwarf-with-dsym";
				ENABLE_NS_ASSERTIONS = NO;
				ENABLE_STRICT_OBJC_MSGSEND = YES;
				GCC_C_LANGUAGE_STANDARD = gnu11;
				GCC_NO_COMMON_BLOCKS = YES;
				GCC_WARN_64_TO_32_BIT_CONVERSION = YES;
				GCC_WARN_ABOUT_RETURN_TYPE = YES_ERROR;
				GCC_WARN_UNDECLARED_SELECTOR = YES;
				GCC_WARN_UNINITIALIZED_AUTOS = YES_AGGRESSIVE;
				GCC_WARN_UNUSED_FUNCTION = YES;
				GCC_WARN_UNUSED_VARIABLE = YES;
				IPHONEOS_DEPLOYMENT_TARGET = 13.2;
				MTL_ENABLE_DEBUG_INFO = NO;
				MTL_FAST_MATH = YES;
				SDKROOT = iphoneos;
				SWIFT_COMPILATION_MODE = wholemodule;
				SWIFT_OPTIMIZATION_LEVEL = "-O";
				VALIDATE_PRODUCT = YES;
			};
			name = Release;
		};
		8481BDE124B80CA300DEBC41 /* Debug */ = {
			isa = XCBuildConfiguration;
			buildSettings = {
				ASSETCATALOG_COMPILER_APPICON_NAME = AppIcon;
				CODE_SIGN_STYLE = Automatic;
				DEVELOPMENT_TEAM = 68ZWDW3GWY;
				INFOPLIST_FILE = 1/Info.plist;
				LD_RUNPATH_SEARCH_PATHS = (
					"$(inherited)",
					"@executable_path/Frameworks",
				);
				PRODUCT_BUNDLE_IDENTIFIER = "com.iShanicey.-";
				PRODUCT_NAME = "$(TARGET_NAME)";
				SWIFT_VERSION = 5.0;
				TARGETED_DEVICE_FAMILY = "1,2";
			};
			name = Debug;
		};
		8481BDE224B80CA300DEBC41 /* Release */ = {
			isa = XCBuildConfiguration;
			buildSettings = {
				ASSETCATALOG_COMPILER_APPICON_NAME = AppIcon;
				CODE_SIGN_STYLE = Automatic;
				DEVELOPMENT_TEAM = 68ZWDW3GWY;
				INFOPLIST_FILE = 1/Info.plist;
				LD_RUNPATH_SEARCH_PATHS = (
					"$(inherited)",
					"@executable_path/Frameworks",
				);
				PRODUCT_BUNDLE_IDENTIFIER = "com.iShanicey.-";
				PRODUCT_NAME = "$(TARGET_NAME)";
				SWIFT_VERSION = 5.0;
				TARGETED_DEVICE_FAMILY = "1,2";
			};
			name = Release;
		};
		8481BDE424B80CA300DEBC41 /* Debug */ = {
			isa = XCBuildConfiguration;
			buildSettings = {
				ALWAYS_EMBED_SWIFT_STANDARD_LIBRARIES = YES;
				BUNDLE_LOADER = "$(TEST_HOST)";
				CODE_SIGN_STYLE = Automatic;
				DEVELOPMENT_TEAM = 68ZWDW3GWY;
				INFOPLIST_FILE = 1Tests/Info.plist;
				IPHONEOS_DEPLOYMENT_TARGET = 13.2;
				LD_RUNPATH_SEARCH_PATHS = (
					"$(inherited)",
					"@executable_path/Frameworks",
					"@loader_path/Frameworks",
				);
				PRODUCT_BUNDLE_IDENTIFIER = "com.iShanicey.-Tests";
				PRODUCT_NAME = "$(TARGET_NAME)";
				SWIFT_VERSION = 5.0;
				TARGETED_DEVICE_FAMILY = "1,2";
				TEST_HOST = "$(BUILT_PRODUCTS_DIR)/1.app/1";
			};
			name = Debug;
		};
		8481BDE524B80CA300DEBC41 /* Release */ = {
			isa = XCBuildConfiguration;
			buildSettings = {
				ALWAYS_EMBED_SWIFT_STANDARD_LIBRARIES = YES;
				BUNDLE_LOADER = "$(TEST_HOST)";
				CODE_SIGN_STYLE = Automatic;
				DEVELOPMENT_TEAM = 68ZWDW3GWY;
				INFOPLIST_FILE = 1Tests/Info.plist;
				IPHONEOS_DEPLOYMENT_TARGET = 13.2;
				LD_RUNPATH_SEARCH_PATHS = (
					"$(inherited)",
					"@executable_path/Frameworks",
					"@loader_path/Frameworks",
				);
				PRODUCT_BUNDLE_IDENTIFIER = "com.iShanicey.-Tests";
				PRODUCT_NAME = "$(TARGET_NAME)";
				SWIFT_VERSION = 5.0;
				TARGETED_DEVICE_FAMILY = "1,2";
				TEST_HOST = "$(BUILT_PRODUCTS_DIR)/1.app/1";
			};
			name = Release;
		};
		8481BDE724B80CA300DEBC41 /* Debug */ = {
			isa = XCBuildConfiguration;
			buildSettings = {
				ALWAYS_EMBED_SWIFT_STANDARD_LIBRARIES = YES;
				CODE_SIGN_STYLE = Automatic;
				DEVELOPMENT_TEAM = 68ZWDW3GWY;
				INFOPLIST_FILE = 1UITests/Info.plist;
				LD_RUNPATH_SEARCH_PATHS = (
					"$(inherited)",
					"@executable_path/Frameworks",
					"@loader_path/Frameworks",
				);
				PRODUCT_BUNDLE_IDENTIFIER = "com.iShanicey.-UITests";
				PRODUCT_NAME = "$(TARGET_NAME)";
				SWIFT_VERSION = 5.0;
				TARGETED_DEVICE_FAMILY = "1,2";
				TEST_TARGET_NAME = 1;
			};
			name = Debug;
		};
		8481BDE824B80CA300DEBC41 /* Release */ = {
			isa = XCBuildConfiguration;
			buildSettings = {
				ALWAYS_EMBED_SWIFT_STANDARD_LIBRARIES = YES;
				CODE_SIGN_STYLE = Automatic;
				DEVELOPMENT_TEAM = 68ZWDW3GWY;
				INFOPLIST_FILE = 1UITests/Info.plist;
				LD_RUNPATH_SEARCH_PATHS = (
					"$(inherited)",
					"@executable_path/Frameworks",
					"@loader_path/Frameworks",
				);
				PRODUCT_BUNDLE_IDENTIFIER = "com.iShanicey.-UITests";
				PRODUCT_NAME = "$(TARGET_NAME)";
				SWIFT_VERSION = 5.0;
				TARGETED_DEVICE_FAMILY = "1,2";
				TEST_TARGET_NAME = 1;
			};
			name = Release;
		};
/* End XCBuildConfiguration section */

/* Begin XCConfigurationList section */
		8481BDB124B80CA200DEBC41 /* Build configuration list for PBXProject "1" */ = {
			isa = XCConfigurationList;
			buildConfigurations = (
				8481BDDE24B80CA300DEBC41 /* Debug */,
				8481BDDF24B80CA300DEBC41 /* Release */,
			);
			defaultConfigurationIsVisible = 0;
			defaultConfigurationName = Release;
		};
		8481BDE024B80CA300DEBC41 /* Build configuration list for PBXNativeTarget "1" */ = {
			isa = XCConfigurationList;
			buildConfigurations = (
				8481BDE124B80CA300DEBC41 /* Debug */,
				8481BDE224B80CA300DEBC41 /* Release */,
			);
			defaultConfigurationIsVisible = 0;
			defaultConfigurationName = Release;
		};
		8481BDE324B80CA300DEBC41 /* Build configuration list for PBXNativeTarget "1Tests" */ = {
			isa = XCConfigurationList;
			buildConfigurations = (
				8481BDE424B80CA300DEBC41 /* Debug */,
				8481BDE524B80CA300DEBC41 /* Release */,
			);
			defaultConfigurationIsVisible = 0;
			defaultConfigurationName = Release;
		};
		8481BDE624B80CA300DEBC41 /* Build configuration list for PBXNativeTarget "1UITests" */ = {
			isa = XCConfigurationList;
			buildConfigurations = (
				8481BDE724B80CA300DEBC41 /* Debug */,
				8481BDE824B80CA300DEBC41 /* Release */,
			);
			defaultConfigurationIsVisible = 0;
			defaultConfigurationName = Release;
		};
/* End XCConfigurationList section */
	};
	rootObject = 8481BDAE24B80CA200DEBC41 /* Project object */;
}
